
Microsoft Visual Studio Solution File, Format Version 12.00
# Visual Studio Version 16
VisualStudioVersion = 16.0.35826.135
MinimumVisualStudioVersion = 10.0.40219.1
Project("{FAE04EC0-301F-11D3-BF4B-00C04F79EFBC}") = "WindowFormsApp_Calc", "WindowFormsApp_Calc.csproj", "{6F7DE513-BB51-48F9-8070-53DEF654D9E0}"
EndProject
Global
	GlobalSection(SolutionConfigurationPlatforms) = preSolution
		Debug|Any CPU = Debug|Any CPU
		Release|Any CPU = Release|Any CPU
	EndGlobalSection
	GlobalSection(ProjectConfigurationPlatforms) = postSolution
		{6F7DE513-BB51-48F9-8070-53DEF654D9E0}.Debug|Any CPU.ActiveCfg = Debug|Any CPU
		{6F7DE513-BB51-48F9-8070-53DEF654D9E0}.Debug|Any CPU.Build.0 = Debug|Any CPU
		{6F7DE513-BB51-48F9-8070-53DEF654D9E0}.Release|Any CPU.ActiveCfg = Release|Any CPU
		{6F7DE513-BB51-48F9-8070-53DEF654D9E0}.Release|Any CPU.Build.0 = Release|Any CPU
	EndGlobalSection
	GlobalSection(SolutionProperties) = preSolution
		HideSolutionNode = FALSE
	EndGlobalSection
	GlobalSection(ExtensibilityGlobals) = postSolution
		SolutionGuid = {276F01CA-77A0-42AB-8C38-F9361761460B}
	EndGlobalSection
EndGlobal
